
Microsoft Visual Studio Solution File, Format Version 12.00
# Visual Studio Version 16
VisualStudioVersion = 16.0.32228.343
MinimumVisualStudioVersion = 10.0.40219.1
Project("{FAE04EC0-301F-11D3-BF4B-00C04F79EFBC}") = "HelloWorld", "HelloWorld\HelloWorld.csproj", "{42619EC7-B65A-4678-A8DB-AD2ABA62DB5B}"
EndProject
Project("{FAE04EC0-301F-11D3-BF4B-00C04F79EFBC}") = "SalaryCalculator", "SalaryCalculator\SalaryCalculator.csproj", "{41BF40DD-09D0-4147-B24D-79C77637F794}"
EndProject
Project("{FAE04EC0-301F-11D3-BF4B-00C04F79EFBC}") = "DermitPoints", "DermitPoints\DermitPoints.csproj", "{098B8D3D-D397-42A6-8BF0-536BE0F822FA}"
EndProject
Project("{FAE04EC0-301F-11D3-BF4B-00C04F79EFBC}") = "Types", "Types\Types.csproj", "{6A960F12-DBB3-48C6-A90E-27D7113979C7}"
EndProject
Project("{FAE04EC0-301F-11D3-BF4B-00C04F79EFBC}") = "ControlFlow", "ControlFlow\ControlFlow.csproj", "{9558F6E6-4A1F-4FB0-B9AC-CED5CB24FB4F}"
EndProject
Project("{FAE04EC0-301F-11D3-BF4B-00C04F79EFBC}") = "Methods", "Methods\Methods.csproj", "{65297506-8790-45CD-B0DB-12FFAE2E5B83}"
EndProject
Project("{FAE04EC0-301F-11D3-BF4B-00C04F79EFBC}") = "Gps", "Gps\Gps.csproj", "{3666B034-0AA7-4E67-96FB-CF2E2E9FD1F0}"
EndProject
Project("{FAE04EC0-301F-11D3-BF4B-00C04F79EFBC}") = "Objects", "Objects\Objects.csproj", "{AEFB8CC8-7C12-4A06-9FAF-5D1069179300}"
EndProject
Project("{FAE04EC0-301F-11D3-BF4B-00C04F79EFBC}") = "PhoneService", "PhoneService\PhoneService.csproj", "{BD46899B-89F6-465D-B2BC-E608AD5CD772}"
EndProject
Project("{FAE04EC0-301F-11D3-BF4B-00C04F79EFBC}") = "TrainMadness", "TrainMadness\TrainMadness.csproj", "{B2246790-CCE7-44AF-B3E2-FF127361EEE6}"
EndProject
Project("{FAE04EC0-301F-11D3-BF4B-00C04F79EFBC}") = "Array", "Array\Array.csproj", "{EB3A05F2-A7B7-4958-AF82-03089FA7D240}"
EndProject
Project("{FAE04EC0-301F-11D3-BF4B-00C04F79EFBC}") = "Lists", "Lists\Lists.csproj", "{6822C0D4-43B2-4FEB-A02B-6F255129C851}"
EndProject
Project("{FAE04EC0-301F-11D3-BF4B-00C04F79EFBC}") = "Inheritence", "Inheritence\Inheritence.csproj", "{A8E09503-C409-42A1-A54F-EF33DCE91BA9}"
EndProject
Project("{FAE04EC0-301F-11D3-BF4B-00C04F79EFBC}") = "Fans", "Fans\Fans.csproj", "{F73EE38A-A9EF-428F-BF58-0A5A30AE49B4}"
EndProject
Project("{FAE04EC0-301F-11D3-BF4B-00C04F79EFBC}") = "Files", "Files\Files.csproj", "{FE2AEF30-D197-4F6E-8697-90C109687108}"
EndProject
Global
	GlobalSection(SolutionConfigurationPlatforms) = preSolution
		Debug|Any CPU = Debug|Any CPU
		Release|Any CPU = Release|Any CPU
	EndGlobalSection
	GlobalSection(ProjectConfigurationPlatforms) = postSolution
		{42619EC7-B65A-4678-A8DB-AD2ABA62DB5B}.Debug|Any CPU.ActiveCfg = Debug|Any CPU
		{42619EC7-B65A-4678-A8DB-AD2ABA62DB5B}.Debug|Any CPU.Build.0 = Debug|Any CPU
		{42619EC7-B65A-4678-A8DB-AD2ABA62DB5B}.Release|Any CPU.ActiveCfg = Release|Any CPU
		{42619EC7-B65A-4678-A8DB-AD2ABA62DB5B}.Release|Any CPU.Build.0 = Release|Any CPU
		{41BF40DD-09D0-4147-B24D-79C77637F794}.Debug|Any CPU.ActiveCfg = Debug|Any CPU
		{41BF40DD-09D0-4147-B24D-79C77637F794}.Debug|Any CPU.Build.0 = Debug|Any CPU
		{41BF40DD-09D0-4147-B24D-79C77637F794}.Release|Any CPU.ActiveCfg = Release|Any CPU
		{41BF40DD-09D0-4147-B24D-79C77637F794}.Release|Any CPU.Build.0 = Release|Any CPU
		{098B8D3D-D397-42A6-8BF0-536BE0F822FA}.Debug|Any CPU.ActiveCfg = Debug|Any CPU
		{098B8D3D-D397-42A6-8BF0-536BE0F822FA}.Debug|Any CPU.Build.0 = Debug|Any CPU
		{098B8D3D-D397-42A6-8BF0-536BE0F822FA}.Release|Any CPU.ActiveCfg = Release|Any CPU
		{098B8D3D-D397-42A6-8BF0-536BE0F822FA}.Release|Any CPU.Build.0 = Release|Any CPU
		{6A960F12-DBB3-48C6-A90E-27D7113979C7}.Debug|Any CPU.ActiveCfg = Debug|Any CPU
		{6A960F12-DBB3-48C6-A90E-27D7113979C7}.Debug|Any CPU.Build.0 = Debug|Any CPU
		{6A960F12-DBB3-48C6-A90E-27D7113979C7}.Release|Any CPU.ActiveCfg = Release|Any CPU
		{6A960F12-DBB3-48C6-A90E-27D7113979C7}.Release|Any CPU.Build.0 = Release|Any CPU
		{9558F6E6-4A1F-4FB0-B9AC-CED5CB24FB4F}.Debug|Any CPU.ActiveCfg = Debug|Any CPU
		{9558F6E6-4A1F-4FB0-B9AC-CED5CB24FB4F}.Debug|Any CPU.Build.0 = Debug|Any CPU
		{9558F6E6-4A1F-4FB0-B9AC-CED5CB24FB4F}.Release|Any CPU.ActiveCfg = Release|Any CPU
		{9558F6E6-4A1F-4FB0-B9AC-CED5CB24FB4F}.Release|Any CPU.Build.0 = Release|Any CPU
		{65297506-8790-45CD-B0DB-12FFAE2E5B83}.Debug|Any CPU.ActiveCfg = Debug|Any CPU
		{65297506-8790-45CD-B0DB-12FFAE2E5B83}.Debug|Any CPU.Build.0 = Debug|Any CPU
		{65297506-8790-45CD-B0DB-12FFAE2E5B83}.Release|Any CPU.ActiveCfg = Release|Any CPU
		{65297506-8790-45CD-B0DB-12FFAE2E5B83}.Release|Any CPU.Build.0 = Release|Any CPU
		{3666B034-0AA7-4E67-96FB-CF2E2E9FD1F0}.Debug|Any CPU.ActiveCfg = Debug|Any CPU
		{3666B034-0AA7-4E67-96FB-CF2E2E9FD1F0}.Debug|Any CPU.Build.0 = Debug|Any CPU
		{3666B034-0AA7-4E67-96FB-CF2E2E9FD1F0}.Release|Any CPU.ActiveCfg = Release|Any CPU
		{3666B034-0AA7-4E67-96FB-CF2E2E9FD1F0}.Release|Any CPU.Build.0 = Release|Any CPU
		{AEFB8CC8-7C12-4A06-9FAF-5D1069179300}.Debug|Any CPU.ActiveCfg = Debug|Any CPU
		{AEFB8CC8-7C12-4A06-9FAF-5D1069179300}.Debug|Any CPU.Build.0 = Debug|Any CPU
		{AEFB8CC8-7C12-4A06-9FAF-5D1069179300}.Release|Any CPU.ActiveCfg = Release|Any CPU
		{AEFB8CC8-7C12-4A06-9FAF-5D1069179300}.Release|Any CPU.Build.0 = Release|Any CPU
		{BD46899B-89F6-465D-B2BC-E608AD5CD772}.Debug|Any CPU.ActiveCfg = Debug|Any CPU
		{BD46899B-89F6-465D-B2BC-E608AD5CD772}.Debug|Any CPU.Build.0 = Debug|Any CPU
		{BD46899B-89F6-465D-B2BC-E608AD5CD772}.Release|Any CPU.ActiveCfg = Release|Any CPU
		{BD46899B-89F6-465D-B2BC-E608AD5CD772}.Release|Any CPU.Build.0 = Release|Any CPU
		{B2246790-CCE7-44AF-B3E2-FF127361EEE6}.Debug|Any CPU.ActiveCfg = Debug|Any CPU
		{B2246790-CCE7-44AF-B3E2-FF127361EEE6}.Debug|Any CPU.Build.0 = Debug|Any CPU
		{B2246790-CCE7-44AF-B3E2-FF127361EEE6}.Release|Any CPU.ActiveCfg = Release|Any CPU
		{B2246790-CCE7-44AF-B3E2-FF127361EEE6}.Release|Any CPU.Build.0 = Release|Any CPU
		{EB3A05F2-A7B7-4958-AF82-03089FA7D240}.Debug|Any CPU.ActiveCfg = Debug|Any CPU
		{EB3A05F2-A7B7-4958-AF82-03089FA7D240}.Debug|Any CPU.Build.0 = Debug|Any CPU
		{EB3A05F2-A7B7-4958-AF82-03089FA7D240}.Release|Any CPU.ActiveCfg = Release|Any CPU
		{EB3A05F2-A7B7-4958-AF82-03089FA7D240}.Release|Any CPU.Build.0 = Release|Any CPU
		{6822C0D4-43B2-4FEB-A02B-6F255129C851}.Debug|Any CPU.ActiveCfg = Debug|Any CPU
		{6822C0D4-43B2-4FEB-A02B-6F255129C851}.Debug|Any CPU.Build.0 = Debug|Any CPU
		{6822C0D4-43B2-4FEB-A02B-6F255129C851}.Release|Any CPU.ActiveCfg = Release|Any CPU
		{6822C0D4-43B2-4FEB-A02B-6F255129C851}.Release|Any CPU.Build.0 = Release|Any CPU
		{A8E09503-C409-42A1-A54F-EF33DCE91BA9}.Debug|Any CPU.ActiveCfg = Debug|Any CPU
		{A8E09503-C409-42A1-A54F-EF33DCE91BA9}.Debug|Any CPU.Build.0 = Debug|Any CPU
		{A8E09503-C409-42A1-A54F-EF33DCE91BA9}.Release|Any CPU.ActiveCfg = Release|Any CPU
		{A8E09503-C409-42A1-A54F-EF33DCE91BA9}.Release|Any CPU.Build.0 = Release|Any CPU
		{F73EE38A-A9EF-428F-BF58-0A5A30AE49B4}.Debug|Any CPU.ActiveCfg = Debug|Any CPU
		{F73EE38A-A9EF-428F-BF58-0A5A30AE49B4}.Debug|Any CPU.Build.0 = Debug|Any CPU
		{F73EE38A-A9EF-428F-BF58-0A5A30AE49B4}.Release|Any CPU.ActiveCfg = Release|Any CPU
		{F73EE38A-A9EF-428F-BF58-0A5A30AE49B4}.Release|Any CPU.Build.0 = Release|Any CPU
		{FE2AEF30-D197-4F6E-8697-90C109687108}.Debug|Any CPU.ActiveCfg = Debug|Any CPU
		{FE2AEF30-D197-4F6E-8697-90C109687108}.Debug|Any CPU.Build.0 = Debug|Any CPU
		{FE2AEF30-D197-4F6E-8697-90C109687108}.Release|Any CPU.ActiveCfg = Release|Any CPU
		{FE2AEF30-D197-4F6E-8697-90C109687108}.Release|Any CPU.Build.0 = Release|Any CPU
	EndGlobalSection
	GlobalSection(SolutionProperties) = preSolution
		HideSolutionNode = FALSE
	EndGlobalSection
	GlobalSection(ExtensibilityGlobals) = postSolution
		SolutionGuid = {8AB0D975-9067-4FBF-828C-70FBD0B2B1C6}
	EndGlobalSection
EndGlobal
