
Microsoft Visual Studio Solution File, Format Version 12.00
# Visual Studio Version 16
VisualStudioVersion = 16.0.32228.343
MinimumVisualStudioVersion = 10.0.40219.1
Project("{FAE04EC0-301F-11D3-BF4B-00C04F79EFBC}") = "HelloWorld", "HelloWorld\HelloWorld.csproj", "{42619EC7-B65A-4678-A8DB-AD2ABA62DB5B}"
EndProject
Project("{FAE04EC0-301F-11D3-BF4B-00C04F79EFBC}") = "SalaryCalculator", "SalaryCalculator\SalaryCalculator.csproj", "{41BF40DD-09D0-4147-B24D-79C77637F794}"
EndProject
Project("{FAE04EC0-301F-11D3-BF4B-00C04F79EFBC}") = "DermitPoints", "DermitPoints\DermitPoints.csproj", "{098B8D3D-D397-42A6-8BF0-536BE0F822FA}"
EndProject
Project("{FAE04EC0-301F-11D3-BF4B-00C04F79EFBC}") = "Types", "Types\Types.csproj", "{6A960F12-DBB3-48C6-A90E-27D7113979C7}"
EndProject
Project("{FAE04EC0-301F-11D3-BF4B-00C04F79EFBC}") = "ControlFlow", "ControlFlow\ControlFlow.csproj", "{9558F6E6-4A1F-4FB0-B9AC-CED5CB24FB4F}"
EndProject
Project("{FAE04EC0-301F-11D3-BF4B-00C04F79EFBC}") = "Methods", "Methods\Methods.csproj", "{65297506-8790-45CD-B0DB-12FFAE2E5B83}"
EndProject
Project("{FAE04EC0-301F-11D3-BF4B-00C04F79EFBC}") = "Gps", "Gps\Gps.csproj", "{3666B034-0AA7-4E67-96FB-CF2E2E9FD1F0}"
EndProject
Global
	GlobalSection(SolutionConfigurationPlatforms) = preSolution
		Debug|Any CPU = Debug|Any CPU
		Release|Any CPU = Release|Any CPU
	EndGlobalSection
	GlobalSection(ProjectConfigurationPlatforms) = postSolution
		{42619EC7-B65A-4678-A8DB-AD2ABA62DB5B}.Debug|Any CPU.ActiveCfg = Debug|Any CPU
		{42619EC7-B65A-4678-A8DB-AD2ABA62DB5B}.Debug|Any CPU.Build.0 = Debug|Any CPU
		{42619EC7-B65A-4678-A8DB-AD2ABA62DB5B}.Release|Any CPU.ActiveCfg = Release|Any CPU
		{42619EC7-B65A-4678-A8DB-AD2ABA62DB5B}.Release|Any CPU.Build.0 = Release|Any CPU
		{41BF40DD-09D0-4147-B24D-79C77637F794}.Debug|Any CPU.ActiveCfg = Debug|Any CPU
		{41BF40DD-09D0-4147-B24D-79C77637F794}.Debug|Any CPU.Build.0 = Debug|Any CPU
		{41BF40DD-09D0-4147-B24D-79C77637F794}.Release|Any CPU.ActiveCfg = Release|Any CPU
		{41BF40DD-09D0-4147-B24D-79C77637F794}.Release|Any CPU.Build.0 = Release|Any CPU
		{098B8D3D-D397-42A6-8BF0-536BE0F822FA}.Debug|Any CPU.ActiveCfg = Debug|Any CPU
		{098B8D3D-D397-42A6-8BF0-536BE0F822FA}.Debug|Any CPU.Build.0 = Debug|Any CPU
		{098B8D3D-D397-42A6-8BF0-536BE0F822FA}.Release|Any CPU.ActiveCfg = Release|Any CPU
		{098B8D3D-D397-42A6-8BF0-536BE0F822FA}.Release|Any CPU.Build.0 = Release|Any CPU
		{6A960F12-DBB3-48C6-A90E-27D7113979C7}.Debug|Any CPU.ActiveCfg = Debug|Any CPU
		{6A960F12-DBB3-48C6-A90E-27D7113979C7}.Debug|Any CPU.Build.0 = Debug|Any CPU
		{6A960F12-DBB3-48C6-A90E-27D7113979C7}.Release|Any CPU.ActiveCfg = Release|Any CPU
		{6A960F12-DBB3-48C6-A90E-27D7113979C7}.Release|Any CPU.Build.0 = Release|Any CPU
		{9558F6E6-4A1F-4FB0-B9AC-CED5CB24FB4F}.Debug|Any CPU.ActiveCfg = Debug|Any CPU
		{9558F6E6-4A1F-4FB0-B9AC-CED5CB24FB4F}.Debug|Any CPU.Build.0 = Debug|Any CPU
		{9558F6E6-4A1F-4FB0-B9AC-CED5CB24FB4F}.Release|Any CPU.ActiveCfg = Release|Any CPU
		{9558F6E6-4A1F-4FB0-B9AC-CED5CB24FB4F}.Release|Any CPU.Build.0 = Release|Any CPU
		{65297506-8790-45CD-B0DB-12FFAE2E5B83}.Debug|Any CPU.ActiveCfg = Debug|Any CPU
		{65297506-8790-45CD-B0DB-12FFAE2E5B83}.Debug|Any CPU.Build.0 = Debug|Any CPU
		{65297506-8790-45CD-B0DB-12FFAE2E5B83}.Release|Any CPU.ActiveCfg = Release|Any CPU
		{65297506-8790-45CD-B0DB-12FFAE2E5B83}.Release|Any CPU.Build.0 = Release|Any CPU
		{3666B034-0AA7-4E67-96FB-CF2E2E9FD1F0}.Debug|Any CPU.ActiveCfg = Debug|Any CPU
		{3666B034-0AA7-4E67-96FB-CF2E2E9FD1F0}.Debug|Any CPU.Build.0 = Debug|Any CPU
		{3666B034-0AA7-4E67-96FB-CF2E2E9FD1F0}.Release|Any CPU.ActiveCfg = Release|Any CPU
		{3666B034-0AA7-4E67-96FB-CF2E2E9FD1F0}.Release|Any CPU.Build.0 = Release|Any CPU
	EndGlobalSection
	GlobalSection(SolutionProperties) = preSolution
		HideSolutionNode = FALSE
	EndGlobalSection
	GlobalSection(ExtensibilityGlobals) = postSolution
		SolutionGuid = {8AB0D975-9067-4FBF-828C-70FBD0B2B1C6}
	EndGlobalSection
EndGlobal
